
Microsoft Visual Studio Solution File, Format Version 12.00
Project("{FAE04EC0-301F-11D3-BF4B-00C04F79EFBC}") = "LibraryManager.ApplicationCore", "LibraryManager.ApplicationCore\LibraryManager.ApplicationCore.csproj", "{41625535-68E0-4E83-8047-460DFE485F66}"
EndProject
Project("{FAE04EC0-301F-11D3-BF4B-00C04F79EFBC}") = "LibraryManager.Infra", "LibraryManager.Infra\LibraryManager.Infra.csproj", "{D7F6F248-CF30-4900-863F-D15C96EA55F9}"
EndProject
Project("{FAE04EC0-301F-11D3-BF4B-00C04F79EFBC}") = "LibraryManager.Web", "LibraryManager.Web\LibraryManager.Web.csproj", "{40FC1AB7-182A-4B74-8D49-868B45418F53}"
EndProject
Global
	GlobalSection(SolutionConfigurationPlatforms) = preSolution
		Debug|Any CPU = Debug|Any CPU
		Release|Any CPU = Release|Any CPU
	EndGlobalSection
	GlobalSection(ProjectConfigurationPlatforms) = postSolution
		{41625535-68E0-4E83-8047-460DFE485F66}.Debug|Any CPU.ActiveCfg = Debug|Any CPU
		{41625535-68E0-4E83-8047-460DFE485F66}.Debug|Any CPU.Build.0 = Debug|Any CPU
		{41625535-68E0-4E83-8047-460DFE485F66}.Release|Any CPU.ActiveCfg = Release|Any CPU
		{41625535-68E0-4E83-8047-460DFE485F66}.Release|Any CPU.Build.0 = Release|Any CPU
		{D7F6F248-CF30-4900-863F-D15C96EA55F9}.Debug|Any CPU.ActiveCfg = Debug|Any CPU
		{D7F6F248-CF30-4900-863F-D15C96EA55F9}.Debug|Any CPU.Build.0 = Debug|Any CPU
		{D7F6F248-CF30-4900-863F-D15C96EA55F9}.Release|Any CPU.ActiveCfg = Release|Any CPU
		{D7F6F248-CF30-4900-863F-D15C96EA55F9}.Release|Any CPU.Build.0 = Release|Any CPU
		{40FC1AB7-182A-4B74-8D49-868B45418F53}.Debug|Any CPU.ActiveCfg = Debug|Any CPU
		{40FC1AB7-182A-4B74-8D49-868B45418F53}.Debug|Any CPU.Build.0 = Debug|Any CPU
		{40FC1AB7-182A-4B74-8D49-868B45418F53}.Release|Any CPU.ActiveCfg = Release|Any CPU
		{40FC1AB7-182A-4B74-8D49-868B45418F53}.Release|Any CPU.Build.0 = Release|Any CPU
	EndGlobalSection
EndGlobal
